
Microsoft Visual Studio Solution File, Format Version 12.00
# Visual Studio Version 16
VisualStudioVersion = 16.0.31729.503
MinimumVisualStudioVersion = 10.0.40219.1
Project("{FAE04EC0-301F-11D3-BF4B-00C04F79EFBC}") = "genshin_sim", "genshin_sim.csproj", "{0FD5299C-65DB-4971-8281-C18230628F10}"
EndProject
Global
	GlobalSection(SolutionConfigurationPlatforms) = preSolution
		Debug|Any CPU = Debug|Any CPU
		Release|Any CPU = Release|Any CPU
	EndGlobalSection
	GlobalSection(ProjectConfigurationPlatforms) = postSolution
		{0FD5299C-65DB-4971-8281-C18230628F10}.Debug|Any CPU.ActiveCfg = Debug|Any CPU
		{0FD5299C-65DB-4971-8281-C18230628F10}.Debug|Any CPU.Build.0 = Debug|Any CPU
		{0FD5299C-65DB-4971-8281-C18230628F10}.Release|Any CPU.ActiveCfg = Release|Any CPU
		{0FD5299C-65DB-4971-8281-C18230628F10}.Release|Any CPU.Build.0 = Release|Any CPU
	EndGlobalSection
	GlobalSection(SolutionProperties) = preSolution
		HideSolutionNode = FALSE
	EndGlobalSection
	GlobalSection(ExtensibilityGlobals) = postSolution
		SolutionGuid = {22B72B75-EB52-4227-895A-668A76939FA3}
	EndGlobalSection
EndGlobal
